{
  "requires": true,
  "lockfileVersion": 1,
  "dependencies": {
    "angular-material": {
      "version": "1.2.1",
      "resolved": "https://registry.npmjs.org/angular-material/-/angular-material-1.2.1.tgz",
      "integrity": "sha512-YEf+ah9Ja23Def06W2os3CFvvc6+IShIXJWEuo1kRsx+nnU58/5vlLO84jnVj0I7mwRexjpkMmyYBDKM7anb/g=="
    }
  }
}
